
Microsoft Visual Studio Solution File, Format Version 12.00
# Visual Studio Version 17
VisualStudioVersion = 17.10.35027.167
MinimumVisualStudioVersion = 10.0.40219.1
Project("{2150E333-8FDC-42A3-9474-1A3956D46DE8}") = "Services", "Services", "{BC354200-6C85-4577-B873-B3806BEB3C1B}"
EndProject
Project("{2150E333-8FDC-42A3-9474-1A3956D46DE8}") = "ProductsAdministration", "ProductsAdministration", "{7D3E792C-7C4D-407E-A853-B1DAC5F9FB83}"
EndProject
Project("{FAE04EC0-301F-11D3-BF4B-00C04F79EFBC}") = "ProductsAdministration.API", "ProductsAdministration.API\ProductsAdministration.API.csproj", "{70D9D4BB-6E42-46E7-A964-05AB2E28251C}"
	ProjectSection(ProjectDependencies) = postProject
		{90C58ED1-C91D-4A38-8B2B-5CB985A88612} = {90C58ED1-C91D-4A38-8B2B-5CB985A88612}
	EndProjectSection
EndProject
Project("{FAE04EC0-301F-11D3-BF4B-00C04F79EFBC}") = "ProductsAdministration.DAL", "ProductsAdministration.DAL\ProductsAdministration.DAL.csproj", "{834E2DD3-D785-4479-87A4-3E8DF7D1BE44}"
EndProject
Project("{FAE04EC0-301F-11D3-BF4B-00C04F79EFBC}") = "ProductsAdministration.BLL", "ProductsAdministration.BLL\ProductsAdministration.BLL.csproj", "{90C58ED1-C91D-4A38-8B2B-5CB985A88612}"
	ProjectSection(ProjectDependencies) = postProject
		{834E2DD3-D785-4479-87A4-3E8DF7D1BE44} = {834E2DD3-D785-4479-87A4-3E8DF7D1BE44}
	EndProjectSection
EndProject
Project("{2150E333-8FDC-42A3-9474-1A3956D46DE8}") = "ApiGateway", "ApiGateway", "{95FE6A3B-B7F0-4274-A583-12BEF1E53F94}"
EndProject
Project("{FAE04EC0-301F-11D3-BF4B-00C04F79EFBC}") = "ApiGateway", "ApiGateway\ApiGateway.csproj", "{D8CF81C5-C76A-4274-BEFA-5B0F641B63FE}"
EndProject
Project("{2150E333-8FDC-42A3-9474-1A3956D46DE8}") = "Authentication", "Authentication", "{CDEF0DEA-6556-4859-8F8A-7B079FED6B24}"
EndProject
Project("{FAE04EC0-301F-11D3-BF4B-00C04F79EFBC}") = "Authentication.API", "Authentication.API\Authentication.API.csproj", "{41C28C1F-5D4A-4D20-85CB-EC64EBA95C52}"
EndProject
Project("{FAE04EC0-301F-11D3-BF4B-00C04F79EFBC}") = "JwtAuthenticationManager", "JwtAuthenticationManager\JwtAuthenticationManager.csproj", "{4483BD38-7447-42CB-AEF0-C16B1D2608AF}"
EndProject
Project("{2150E333-8FDC-42A3-9474-1A3956D46DE8}") = "Comments", "Comments", "{A71037D9-40E7-4633-B01E-D1FE03CF6B9C}"
EndProject
Project("{FAE04EC0-301F-11D3-BF4B-00C04F79EFBC}") = "Comments.DAL", "Comments.DAL\Comments.DAL.csproj", "{9A972A32-B69B-465F-8462-6BACEE9E01BB}"
EndProject
Project("{FAE04EC0-301F-11D3-BF4B-00C04F79EFBC}") = "Comments.BLL", "Comments.BLL\Comments.BLL.csproj", "{7C4E08CC-03DF-4CC1-825A-1A4441C787D7}"
EndProject
Project("{FAE04EC0-301F-11D3-BF4B-00C04F79EFBC}") = "Comments.API", "Comments.API\Comments.API.csproj", "{34645293-946E-4F2A-A288-1DD8DE1E191A}"
EndProject
Project("{2150E333-8FDC-42A3-9474-1A3956D46DE8}") = "Orders", "Orders", "{DE275905-C91A-4F78-80C5-1FB5FB7C8292}"
EndProject
Project("{FAE04EC0-301F-11D3-BF4B-00C04F79EFBC}") = "Orders.API", "Orders.API\Orders.API.csproj", "{70E33A50-E59A-4A18-AFE3-D8840A056783}"
EndProject
Project("{FAE04EC0-301F-11D3-BF4B-00C04F79EFBC}") = "Orders.BLL", "Orders.BLL\Orders.BLL.csproj", "{AAA07BBF-4BCF-46F8-8D6F-DA33A23616B3}"
EndProject
Project("{FAE04EC0-301F-11D3-BF4B-00C04F79EFBC}") = "Orders.DAL", "Orders.DAL\Orders.DAL.csproj", "{A0038845-1ABF-4E8C-BB41-D41C1CA78B7F}"
EndProject
Project("{2150E333-8FDC-42A3-9474-1A3956D46DE8}") = "Solution Items", "Solution Items", "{0742685C-E18C-476C-BE62-C99617A201A4}"
	ProjectSection(SolutionItems) = preProject
		compose.yaml = compose.yaml
	EndProjectSection
EndProject
Global
	GlobalSection(SolutionConfigurationPlatforms) = preSolution
		Debug|Any CPU = Debug|Any CPU
		Release|Any CPU = Release|Any CPU
	EndGlobalSection
	GlobalSection(ProjectConfigurationPlatforms) = postSolution
		{70D9D4BB-6E42-46E7-A964-05AB2E28251C}.Debug|Any CPU.ActiveCfg = Debug|Any CPU
		{70D9D4BB-6E42-46E7-A964-05AB2E28251C}.Debug|Any CPU.Build.0 = Debug|Any CPU
		{70D9D4BB-6E42-46E7-A964-05AB2E28251C}.Release|Any CPU.ActiveCfg = Release|Any CPU
		{70D9D4BB-6E42-46E7-A964-05AB2E28251C}.Release|Any CPU.Build.0 = Release|Any CPU
		{834E2DD3-D785-4479-87A4-3E8DF7D1BE44}.Debug|Any CPU.ActiveCfg = Debug|Any CPU
		{834E2DD3-D785-4479-87A4-3E8DF7D1BE44}.Debug|Any CPU.Build.0 = Debug|Any CPU
		{834E2DD3-D785-4479-87A4-3E8DF7D1BE44}.Release|Any CPU.ActiveCfg = Release|Any CPU
		{834E2DD3-D785-4479-87A4-3E8DF7D1BE44}.Release|Any CPU.Build.0 = Release|Any CPU
		{90C58ED1-C91D-4A38-8B2B-5CB985A88612}.Debug|Any CPU.ActiveCfg = Debug|Any CPU
		{90C58ED1-C91D-4A38-8B2B-5CB985A88612}.Debug|Any CPU.Build.0 = Debug|Any CPU
		{90C58ED1-C91D-4A38-8B2B-5CB985A88612}.Release|Any CPU.ActiveCfg = Release|Any CPU
		{90C58ED1-C91D-4A38-8B2B-5CB985A88612}.Release|Any CPU.Build.0 = Release|Any CPU
		{D8CF81C5-C76A-4274-BEFA-5B0F641B63FE}.Debug|Any CPU.ActiveCfg = Debug|Any CPU
		{D8CF81C5-C76A-4274-BEFA-5B0F641B63FE}.Debug|Any CPU.Build.0 = Debug|Any CPU
		{D8CF81C5-C76A-4274-BEFA-5B0F641B63FE}.Release|Any CPU.ActiveCfg = Release|Any CPU
		{D8CF81C5-C76A-4274-BEFA-5B0F641B63FE}.Release|Any CPU.Build.0 = Release|Any CPU
		{41C28C1F-5D4A-4D20-85CB-EC64EBA95C52}.Debug|Any CPU.ActiveCfg = Debug|Any CPU
		{41C28C1F-5D4A-4D20-85CB-EC64EBA95C52}.Debug|Any CPU.Build.0 = Debug|Any CPU
		{41C28C1F-5D4A-4D20-85CB-EC64EBA95C52}.Release|Any CPU.ActiveCfg = Release|Any CPU
		{41C28C1F-5D4A-4D20-85CB-EC64EBA95C52}.Release|Any CPU.Build.0 = Release|Any CPU
		{4483BD38-7447-42CB-AEF0-C16B1D2608AF}.Debug|Any CPU.ActiveCfg = Debug|Any CPU
		{4483BD38-7447-42CB-AEF0-C16B1D2608AF}.Debug|Any CPU.Build.0 = Debug|Any CPU
		{4483BD38-7447-42CB-AEF0-C16B1D2608AF}.Release|Any CPU.ActiveCfg = Release|Any CPU
		{4483BD38-7447-42CB-AEF0-C16B1D2608AF}.Release|Any CPU.Build.0 = Release|Any CPU
		{9A972A32-B69B-465F-8462-6BACEE9E01BB}.Debug|Any CPU.ActiveCfg = Debug|Any CPU
		{9A972A32-B69B-465F-8462-6BACEE9E01BB}.Debug|Any CPU.Build.0 = Debug|Any CPU
		{9A972A32-B69B-465F-8462-6BACEE9E01BB}.Release|Any CPU.ActiveCfg = Release|Any CPU
		{9A972A32-B69B-465F-8462-6BACEE9E01BB}.Release|Any CPU.Build.0 = Release|Any CPU
		{7C4E08CC-03DF-4CC1-825A-1A4441C787D7}.Debug|Any CPU.ActiveCfg = Debug|Any CPU
		{7C4E08CC-03DF-4CC1-825A-1A4441C787D7}.Debug|Any CPU.Build.0 = Debug|Any CPU
		{7C4E08CC-03DF-4CC1-825A-1A4441C787D7}.Release|Any CPU.ActiveCfg = Release|Any CPU
		{7C4E08CC-03DF-4CC1-825A-1A4441C787D7}.Release|Any CPU.Build.0 = Release|Any CPU
		{34645293-946E-4F2A-A288-1DD8DE1E191A}.Debug|Any CPU.ActiveCfg = Debug|Any CPU
		{34645293-946E-4F2A-A288-1DD8DE1E191A}.Debug|Any CPU.Build.0 = Debug|Any CPU
		{34645293-946E-4F2A-A288-1DD8DE1E191A}.Release|Any CPU.ActiveCfg = Release|Any CPU
		{34645293-946E-4F2A-A288-1DD8DE1E191A}.Release|Any CPU.Build.0 = Release|Any CPU
		{70E33A50-E59A-4A18-AFE3-D8840A056783}.Debug|Any CPU.ActiveCfg = Debug|Any CPU
		{70E33A50-E59A-4A18-AFE3-D8840A056783}.Debug|Any CPU.Build.0 = Debug|Any CPU
		{70E33A50-E59A-4A18-AFE3-D8840A056783}.Release|Any CPU.ActiveCfg = Release|Any CPU
		{70E33A50-E59A-4A18-AFE3-D8840A056783}.Release|Any CPU.Build.0 = Release|Any CPU
		{AAA07BBF-4BCF-46F8-8D6F-DA33A23616B3}.Debug|Any CPU.ActiveCfg = Debug|Any CPU
		{AAA07BBF-4BCF-46F8-8D6F-DA33A23616B3}.Debug|Any CPU.Build.0 = Debug|Any CPU
		{AAA07BBF-4BCF-46F8-8D6F-DA33A23616B3}.Release|Any CPU.ActiveCfg = Release|Any CPU
		{AAA07BBF-4BCF-46F8-8D6F-DA33A23616B3}.Release|Any CPU.Build.0 = Release|Any CPU
		{A0038845-1ABF-4E8C-BB41-D41C1CA78B7F}.Debug|Any CPU.ActiveCfg = Debug|Any CPU
		{A0038845-1ABF-4E8C-BB41-D41C1CA78B7F}.Debug|Any CPU.Build.0 = Debug|Any CPU
		{A0038845-1ABF-4E8C-BB41-D41C1CA78B7F}.Release|Any CPU.ActiveCfg = Release|Any CPU
		{A0038845-1ABF-4E8C-BB41-D41C1CA78B7F}.Release|Any CPU.Build.0 = Release|Any CPU
	EndGlobalSection
	GlobalSection(SolutionProperties) = preSolution
		HideSolutionNode = FALSE
	EndGlobalSection
	GlobalSection(NestedProjects) = preSolution
		{7D3E792C-7C4D-407E-A853-B1DAC5F9FB83} = {BC354200-6C85-4577-B873-B3806BEB3C1B}
		{70D9D4BB-6E42-46E7-A964-05AB2E28251C} = {7D3E792C-7C4D-407E-A853-B1DAC5F9FB83}
		{834E2DD3-D785-4479-87A4-3E8DF7D1BE44} = {7D3E792C-7C4D-407E-A853-B1DAC5F9FB83}
		{90C58ED1-C91D-4A38-8B2B-5CB985A88612} = {7D3E792C-7C4D-407E-A853-B1DAC5F9FB83}
		{D8CF81C5-C76A-4274-BEFA-5B0F641B63FE} = {95FE6A3B-B7F0-4274-A583-12BEF1E53F94}
		{CDEF0DEA-6556-4859-8F8A-7B079FED6B24} = {BC354200-6C85-4577-B873-B3806BEB3C1B}
		{41C28C1F-5D4A-4D20-85CB-EC64EBA95C52} = {CDEF0DEA-6556-4859-8F8A-7B079FED6B24}
		{4483BD38-7447-42CB-AEF0-C16B1D2608AF} = {CDEF0DEA-6556-4859-8F8A-7B079FED6B24}
		{A71037D9-40E7-4633-B01E-D1FE03CF6B9C} = {BC354200-6C85-4577-B873-B3806BEB3C1B}
		{9A972A32-B69B-465F-8462-6BACEE9E01BB} = {A71037D9-40E7-4633-B01E-D1FE03CF6B9C}
		{7C4E08CC-03DF-4CC1-825A-1A4441C787D7} = {A71037D9-40E7-4633-B01E-D1FE03CF6B9C}
		{34645293-946E-4F2A-A288-1DD8DE1E191A} = {A71037D9-40E7-4633-B01E-D1FE03CF6B9C}
		{DE275905-C91A-4F78-80C5-1FB5FB7C8292} = {BC354200-6C85-4577-B873-B3806BEB3C1B}
		{70E33A50-E59A-4A18-AFE3-D8840A056783} = {DE275905-C91A-4F78-80C5-1FB5FB7C8292}
		{AAA07BBF-4BCF-46F8-8D6F-DA33A23616B3} = {DE275905-C91A-4F78-80C5-1FB5FB7C8292}
		{A0038845-1ABF-4E8C-BB41-D41C1CA78B7F} = {DE275905-C91A-4F78-80C5-1FB5FB7C8292}
	EndGlobalSection
	GlobalSection(ExtensibilityGlobals) = postSolution
		SolutionGuid = {81118AF9-A497-4030-943D-8365CDC6F4DF}
	EndGlobalSection
EndGlobal
